{
  "name": "osmonitor",
  "version": "1.0.0",
  "lockfileVersion": 1,
  "requires": true,
  "dependencies": {
    "os-utils": {
      "version": "0.0.14",
      "resolved": "https://registry.npmjs.org/os-utils/-/os-utils-0.0.14.tgz",
      "integrity": "sha1-KeURaXsZgrjGJ3Ihdf45eX72QVY="
    },
    "systeminformation": {
      "version": "4.26.9",
      "resolved": "https://registry.npmjs.org/systeminformation/-/systeminformation-4.26.9.tgz",
      "integrity": "sha512-69MTIX9j//wnteJzQWuGL6FiMxlfS3wTWyhROI6pNUaQALYqJb3W9VtLVcEcKFOjO1vrGRgilJVFzJeRRi//Pg=="
    }
  }
}
