{
  "name": "osmonitor",
  "version": "1.0.0",
  "lockfileVersion": 1,
  "requires": true,
  "dependencies": {
    "os-utils": {
      "version": "0.0.14",
      "resolved": "https://registry.npmjs.org/os-utils/-/os-utils-0.0.14.tgz",
      "integrity": "sha1-KeURaXsZgrjGJ3Ihdf45eX72QVY="
    },
    "systeminformation": {
      "version": "5.6.4",
      "resolved": "https://registry.npmjs.org/systeminformation/-/systeminformation-5.6.4.tgz",
      "integrity": "sha512-b2tvW1R+qjNEoAGgh734EGLgqbDMghjsHRaWo36skAC6JM1tw1pitcGz/REt+qSIRSXbE4PKECojhaSrBRrEmw=="
    }
  }
}
