{
  "name": "osmonitor",
  "version": "1.0.0",
  "lockfileVersion": 1,
  "requires": true,
  "dependencies": {
    "os-utils": {
      "version": "0.0.14",
      "resolved": "https://registry.npmjs.org/os-utils/-/os-utils-0.0.14.tgz",
      "integrity": "sha1-KeURaXsZgrjGJ3Ihdf45eX72QVY="
    },
    "systeminformation": {
      "version": "4.27.11",
      "resolved": "https://registry.npmjs.org/systeminformation/-/systeminformation-4.27.11.tgz",
      "integrity": "sha512-U7bigXbOnsB8k1vNHS0Y13RCsRz5/UohiUmND+3mMUL6vfzrpbe/h4ZqewowB+B+tJNnmGFDj08Z8xGfYo45dQ=="
    }
  }
}
